{
    "_readme": [
        "This file locks the dependencies of your project to a known state",
        "Read more about it at https://getcomposer.org/doc/01-basic-usage.md#installing-dependencies",
        "This file is @generated automatically"
    ],
    "content-hash": "6a16a6221de3687acb0b13ed300e7252",
    "packages": [
        {
            "name": "baagee/async-task",
            "version": "v0.1.1",
            "source": {
                "type": "git",
                "url": "https://github.com/baagee/async-task.git",
                "reference": "2f741176b06d591d1e36359f417723156d3b4fe7"
            },
            "dist": {
                "type": "zip",
                "url": "https://api.github.com/repos/baagee/async-task/zipball/2f741176b06d591d1e36359f417723156d3b4fe7",
                "reference": "2f741176b06d591d1e36359f417723156d3b4fe7",
                "shasum": "",
                "mirrors": [
                    {
                        "url": "https://mirrors.aliyun.com/composer/dists/%package%/%reference%.%type%",
                        "preferred": true
                    }
                ]
            },
            "type": "library",
            "autoload": {
                "psr-4": {
                    "BaAGee\\AsyncTask\\": "src/"
                }
            },
            "notification-url": "https://packagist.org/downloads/",
            "license": [
                "MIT"
            ],
            "authors": [
                {
                    "name": "BaAGee",
                    "email": "2274313786@qq.com"
                }
            ],
            "description": "php process task library",
            "time": "2020-04-25T09:30:48+00:00"
        },
        {
            "name": "baagee/nknkn",
            "version": "v0.2.1",
            "source": {
                "type": "git",
                "url": "https://github.com/baagee/nknkn.git",
                "reference": "ee202092b906ce9751ac8028b79508d7096ca588"
            },
            "dist": {
                "type": "zip",
                "url": "https://api.github.com/repos/baagee/nknkn/zipball/ee202092b906ce9751ac8028b79508d7096ca588",
                "reference": "ee202092b906ce9751ac8028b79508d7096ca588",
                "shasum": "",
                "mirrors": [
                    {
                        "url": "https://mirrors.aliyun.com/composer/dists/%package%/%reference%.%type%",
                        "preferred": true
                    }
                ]
            },
            "require": {
                "baagee/async-task": "0.*.*",
                "baagee/php-config": "0.*.*",
                "baagee/php-cookie": "0.*.*",
                "baagee/php-curl-request": "0.*.*",
                "baagee/php-event": "0.*.*",
                "baagee/php-log": "0.*.*",
                "baagee/php-mysql": "0.*.*",
                "baagee/php-onion": "0.*.*",
                "baagee/php-params-validator": "0.*.*",
                "baagee/php-router": "0.*.*",
                "baagee/php-session": "0.*.*",
                "baagee/php-template": "0.*.*",
                "baagee/redis-tools": "0.*.*",
                "baagee/wtf-error": "0.*.*",
                "php": ">=7.1"
            },
            "bin": [
                "bin/creater"
            ],
            "type": "library",
            "autoload": {
                "psr-4": {
                    "BaAGee\\NkNkn\\": "src/"
                }
            },
            "notification-url": "https://packagist.org/downloads/",
            "license": [
                "MIT"
            ],
            "authors": [
                {
                    "name": "BaAGee",
                    "email": "2274313786@qq.com"
                }
            ],
            "description": "PHP NkNkn framework",
            "keywords": [
                "NkNkn",
                "framework",
                "php"
            ],
            "time": "2020-05-04T07:03:35+00:00"
        },
        {
            "name": "baagee/php-config",
            "version": "v0.0.4",
            "source": {
                "type": "git",
                "url": "https://github.com/baagee/php-config.git",
                "reference": "0ce58deddf5a4c41565678355e5f078f99b7a243"
            },
            "dist": {
                "type": "zip",
                "url": "https://api.github.com/repos/baagee/php-config/zipball/0ce58deddf5a4c41565678355e5f078f99b7a243",
                "reference": "0ce58deddf5a4c41565678355e5f078f99b7a243",
                "shasum": "",
                "mirrors": [
                    {
                        "url": "https://mirrors.aliyun.com/composer/dists/%package%/%reference%.%type%",
                        "preferred": true
                    }
                ]
            },
            "require": {
                "php": ">=7.1"
            },
            "suggest": {
                "ext-json": "ext-json",
                "ext-simplexml": "ext-simplexml",
                "ext-yaml": "ext-yaml"
            },
            "type": "library",
            "autoload": {
                "psr-4": {
                    "BaAGee\\Config\\": "src/"
                }
            },
            "notification-url": "https://packagist.org/downloads/",
            "license": [
                "MIT"
            ],
            "authors": [
                {
                    "name": "BaAGee",
                    "email": "2274313786@qq.com"
                }
            ],
            "description": "PHP Config library",
            "keywords": [
                "config",
                "php"
            ],
            "time": "2020-02-08T12:03:56+00:00"
        },
        {
            "name": "baagee/php-cookie",
            "version": "v0.0.2",
            "source": {
                "type": "git",
                "url": "https://github.com/baagee/php-cookie.git",
                "reference": "d9cc49ed3d401328b2510644568e7d91b234ffcb"
            },
            "dist": {
                "type": "zip",
                "url": "https://api.github.com/repos/baagee/php-cookie/zipball/d9cc49ed3d401328b2510644568e7d91b234ffcb",
                "reference": "d9cc49ed3d401328b2510644568e7d91b234ffcb",
                "shasum": "",
                "mirrors": [
                    {
                        "url": "https://mirrors.aliyun.com/composer/dists/%package%/%reference%.%type%",
                        "preferred": true
                    }
                ]
            },
            "require": {
                "php": ">=7.1"
            },
            "type": "library",
            "autoload": {
                "psr-4": {
                    "BaAGee\\Cookie\\": "src/"
                }
            },
            "notification-url": "https://packagist.org/downloads/",
            "license": [
                "MIT"
            ],
            "authors": [
                {
                    "name": "BaAGee",
                    "email": "2274313786@qq.com"
                }
            ],
            "description": "PHP Cookie library",
            "keywords": [
                "cookie",
                "php"
            ],
            "time": "2019-04-15T02:26:27+00:00"
        },
        {
            "name": "baagee/php-curl-request",
            "version": "v0.0.5",
            "source": {
                "type": "git",
                "url": "https://github.com/baagee/php-curl-request.git",
                "reference": "9640146fdf3886a58a5c6c030c7e67bfa4769deb"
            },
            "dist": {
                "type": "zip",
                "url": "https://api.github.com/repos/baagee/php-curl-request/zipball/9640146fdf3886a58a5c6c030c7e67bfa4769deb",
                "reference": "9640146fdf3886a58a5c6c030c7e67bfa4769deb",
                "shasum": "",
                "mirrors": [
                    {
                        "url": "https://mirrors.aliyun.com/composer/dists/%package%/%reference%.%type%",
                        "preferred": true
                    }
                ]
            },
            "require": {
                "ext-curl": "*",
                "php": ">=7.1"
            },
            "type": "library",
            "autoload": {
                "psr-4": {
                    "BaAGee\\CurlRequest\\": "src/"
                }
            },
            "notification-url": "https://packagist.org/downloads/",
            "license": [
                "MIT"
            ],
            "authors": [
                {
                    "name": "BaAGee",
                    "email": "2274313786@qq.com"
                }
            ],
            "description": "PHP Curl Request library",
            "keywords": [
                "curl request",
                "php"
            ],
            "time": "2019-10-31T07:46:35+00:00"
        },
        {
            "name": "baagee/php-event",
            "version": "v0.0.1",
            "source": {
                "type": "git",
                "url": "https://github.com/baagee/php-event.git",
                "reference": "e708f9faa58012c43a43ac2cbf749798b3481852"
            },
            "dist": {
                "type": "zip",
                "url": "https://api.github.com/repos/baagee/php-event/zipball/e708f9faa58012c43a43ac2cbf749798b3481852",
                "reference": "e708f9faa58012c43a43ac2cbf749798b3481852",
                "shasum": "",
                "mirrors": [
                    {
                        "url": "https://mirrors.aliyun.com/composer/dists/%package%/%reference%.%type%",
                        "preferred": true
                    }
                ]
            },
            "require": {
                "php": ">=7.1"
            },
            "type": "library",
            "autoload": {
                "psr-4": {
                    "BaAGee\\Event\\": "src/"
                }
            },
            "notification-url": "https://packagist.org/downloads/",
            "license": [
                "MIT"
            ],
            "authors": [
                {
                    "name": "BaAGee",
                    "email": "2274313786@qq.com"
                }
            ],
            "description": "PHP event library",
            "keywords": [
                "event",
                "php"
            ],
            "time": "2019-03-25T07:14:34+00:00"
        },
        {
            "name": "baagee/php-log",
            "version": "0.1.3",
            "source": {
                "type": "git",
                "url": "https://github.com/baagee/php-log.git",
                "reference": "6845bfd9a0d181051ecef7ef6f5374779ae49c83"
            },
            "dist": {
                "type": "zip",
                "url": "https://api.github.com/repos/baagee/php-log/zipball/6845bfd9a0d181051ecef7ef6f5374779ae49c83",
                "reference": "6845bfd9a0d181051ecef7ef6f5374779ae49c83",
                "shasum": "",
                "mirrors": [
                    {
                        "url": "https://mirrors.aliyun.com/composer/dists/%package%/%reference%.%type%",
                        "preferred": true
                    }
                ]
            },
            "require": {
                "php": ">=7.1"
            },
            "type": "library",
            "autoload": {
                "psr-4": {
                    "BaAGee\\Log\\": "src/"
                }
            },
            "notification-url": "https://packagist.org/downloads/",
            "license": [
                "MIT"
            ],
            "authors": [
                {
                    "name": "BaAGee",
                    "email": "2274313786@qq.com"
                }
            ],
            "description": "PHP Log library",
            "keywords": [
                "log",
                "php"
            ],
            "time": "2020-04-23T07:49:12+00:00"
        },
        {
            "name": "baagee/php-mysql",
            "version": "0.2.0",
            "source": {
                "type": "git",
                "url": "https://github.com/baagee/php-mysql.git",
                "reference": "30006d0fc46c6cc2b3ea0b32438b99cd88f10ccf"
            },
            "dist": {
                "type": "zip",
                "url": "https://api.github.com/repos/baagee/php-mysql/zipball/30006d0fc46c6cc2b3ea0b32438b99cd88f10ccf",
                "reference": "30006d0fc46c6cc2b3ea0b32438b99cd88f10ccf",
                "shasum": "",
                "mirrors": [
                    {
                        "url": "https://mirrors.aliyun.com/composer/dists/%package%/%reference%.%type%",
                        "preferred": true
                    }
                ]
            },
            "require": {
                "ext-pdo": "*",
                "php": ">=7.1"
            },
            "type": "library",
            "autoload": {
                "psr-4": {
                    "BaAGee\\MySQL\\": "src/"
                }
            },
            "notification-url": "https://packagist.org/downloads/",
            "license": [
                "MIT"
            ],
            "authors": [
                {
                    "name": "BaAGee",
                    "email": "2274313786@qq.com"
                }
            ],
            "description": "PHP mysql library",
            "keywords": [
                "mysql",
                "php"
            ],
            "time": "2020-04-12T14:25:14+00:00"
        },
        {
            "name": "baagee/php-onion",
            "version": "v0.0.2",
            "source": {
                "type": "git",
                "url": "https://github.com/baagee/php-onion.git",
                "reference": "b29293082670ec36cab34c423affbf0f60746a17"
            },
            "dist": {
                "type": "zip",
                "url": "https://api.github.com/repos/baagee/php-onion/zipball/b29293082670ec36cab34c423affbf0f60746a17",
                "reference": "b29293082670ec36cab34c423affbf0f60746a17",
                "shasum": "",
                "mirrors": [
                    {
                        "url": "https://mirrors.aliyun.com/composer/dists/%package%/%reference%.%type%",
                        "preferred": true
                    }
                ]
            },
            "require": {
                "php": ">=7.0"
            },
            "type": "library",
            "autoload": {
                "psr-4": {
                    "BaAGee\\Onion\\": "src/"
                }
            },
            "notification-url": "https://packagist.org/downloads/",
            "license": [
                "MIT"
            ],
            "authors": [
                {
                    "name": "BaAGee",
                    "email": "2274313786@qq.com"
                }
            ],
            "description": "PHP onion layer",
            "keywords": [
                "onion",
                "php"
            ],
            "time": "2019-09-05T03:40:55+00:00"
        },
        {
            "name": "baagee/php-params-validator",
            "version": "v0.0.8",
            "source": {
                "type": "git",
                "url": "https://github.com/baagee/php-params-validator.git",
                "reference": "2f81ed5a8297fa1f06d2dce277323119e8376a49"
            },
            "dist": {
                "type": "zip",
                "url": "https://api.github.com/repos/baagee/php-params-validator/zipball/2f81ed5a8297fa1f06d2dce277323119e8376a49",
                "reference": "2f81ed5a8297fa1f06d2dce277323119e8376a49",
                "shasum": "",
                "mirrors": [
                    {
                        "url": "https://mirrors.aliyun.com/composer/dists/%package%/%reference%.%type%",
                        "preferred": true
                    }
                ]
            },
            "require": {
                "ext-json": "*",
                "php": ">=7.0"
            },
            "type": "library",
            "autoload": {
                "psr-4": {
                    "BaAGee\\ParamsValidator\\": "src/"
                }
            },
            "notification-url": "https://packagist.org/downloads/",
            "license": [
                "MIT"
            ],
            "authors": [
                {
                    "name": "BaAGee",
                    "email": "2274313786@qq.com"
                }
            ],
            "description": "PHP Params Validator Library",
            "keywords": [
                "params",
                "php",
                "validate",
                "validator"
            ],
            "time": "2019-10-22T13:56:06+00:00"
        },
        {
            "name": "baagee/php-router",
            "version": "v0.1.9",
            "source": {
                "type": "git",
                "url": "https://github.com/baagee/php-router.git",
                "reference": "d574e6607838d2fdbe4122b59dee2e7849b5bfc2"
            },
            "dist": {
                "type": "zip",
                "url": "https://api.github.com/repos/baagee/php-router/zipball/d574e6607838d2fdbe4122b59dee2e7849b5bfc2",
                "reference": "d574e6607838d2fdbe4122b59dee2e7849b5bfc2",
                "shasum": "",
                "mirrors": [
                    {
                        "url": "https://mirrors.aliyun.com/composer/dists/%package%/%reference%.%type%",
                        "preferred": true
                    }
                ]
            },
            "require": {
                "php": ">=7.0"
            },
            "type": "library",
            "autoload": {
                "psr-4": {
                    "BaAGee\\Router\\": "src/"
                }
            },
            "notification-url": "https://packagist.org/downloads/",
            "license": [
                "MIT"
            ],
            "authors": [
                {
                    "name": "BaAGee",
                    "email": "2274313786@qq.com"
                }
            ],
            "description": "PHP Router library",
            "keywords": [
                "php",
                "router"
            ],
            "time": "2020-05-04T06:58:53+00:00"
        },
        {
            "name": "baagee/php-session",
            "version": "v0.0.1",
            "source": {
                "type": "git",
                "url": "https://github.com/baagee/php-session.git",
                "reference": "d8999609a858bc6e08afdec498d328fc64ee8f77"
            },
            "dist": {
                "type": "zip",
                "url": "https://api.github.com/repos/baagee/php-session/zipball/d8999609a858bc6e08afdec498d328fc64ee8f77",
                "reference": "d8999609a858bc6e08afdec498d328fc64ee8f77",
                "shasum": "",
                "mirrors": [
                    {
                        "url": "https://mirrors.aliyun.com/composer/dists/%package%/%reference%.%type%",
                        "preferred": true
                    }
                ]
            },
            "require": {
                "php": ">=7.0"
            },
            "type": "library",
            "autoload": {
                "psr-4": {
                    "BaAGee\\Session\\": "src/"
                }
            },
            "notification-url": "https://packagist.org/downloads/",
            "license": [
                "MIT"
            ],
            "authors": [
                {
                    "name": "BaAGee",
                    "email": "2274313786@qq.com"
                }
            ],
            "description": "PHP Session library",
            "keywords": [
                "php",
                "session"
            ],
            "time": "2019-04-14T08:28:46+00:00"
        },
        {
            "name": "baagee/php-template",
            "version": "v0.0.3",
            "source": {
                "type": "git",
                "url": "https://github.com/baagee/php-template.git",
                "reference": "9635838657e6e4479ffa00f43196e2030bacb2cb"
            },
            "dist": {
                "type": "zip",
                "url": "https://api.github.com/repos/baagee/php-template/zipball/9635838657e6e4479ffa00f43196e2030bacb2cb",
                "reference": "9635838657e6e4479ffa00f43196e2030bacb2cb",
                "shasum": "",
                "mirrors": [
                    {
                        "url": "https://mirrors.aliyun.com/composer/dists/%package%/%reference%.%type%",
                        "preferred": true
                    }
                ]
            },
            "require": {
                "php": ">=7.1"
            },
            "type": "library",
            "autoload": {
                "psr-4": {
                    "BaAGee\\Template\\": "src/"
                }
            },
            "notification-url": "https://packagist.org/downloads/",
            "license": [
                "MIT"
            ],
            "authors": [
                {
                    "name": "BaAGee",
                    "email": "2274313786@qq.com"
                }
            ],
            "description": "PHP Template library",
            "keywords": [
                "php",
                "template",
                "view"
            ],
            "time": "2020-04-25T09:32:03+00:00"
        },
        {
            "name": "baagee/redis-tools",
            "version": "0.0.1",
            "source": {
                "type": "git",
                "url": "https://github.com/baagee/redis-tools.git",
                "reference": "3eaf7ab084f66bbace6087bc940958e08175418c"
            },
            "dist": {
                "type": "zip",
                "url": "https://api.github.com/repos/baagee/redis-tools/zipball/3eaf7ab084f66bbace6087bc940958e08175418c",
                "reference": "3eaf7ab084f66bbace6087bc940958e08175418c",
                "shasum": "",
                "mirrors": [
                    {
                        "url": "https://mirrors.aliyun.com/composer/dists/%package%/%reference%.%type%",
                        "preferred": true
                    }
                ]
            },
            "require": {
                "php": ">=7.1"
            },
            "type": "library",
            "autoload": {
                "psr-4": {
                    "BaAGee\\RedisTools\\": "src/"
                }
            },
            "notification-url": "https://packagist.org/downloads/",
            "license": [
                "MIT"
            ],
            "authors": [
                {
                    "name": "BaAGee",
                    "email": "2274313786@qq.com"
                }
            ],
            "description": "Redis distributed lock and current limiter",
            "keywords": [
                "distributed lock",
                "limiter",
                "redis"
            ],
            "time": "2020-04-19T14:43:42+00:00"
        },
        {
            "name": "baagee/wtf-error",
            "version": "v0.0.5",
            "source": {
                "type": "git",
                "url": "https://github.com/baagee/wtf-error.git",
                "reference": "4e3b1e5c16ca622c6c1f1b6fd88aab3caf47e808"
            },
            "dist": {
                "type": "zip",
                "url": "https://api.github.com/repos/baagee/wtf-error/zipball/4e3b1e5c16ca622c6c1f1b6fd88aab3caf47e808",
                "reference": "4e3b1e5c16ca622c6c1f1b6fd88aab3caf47e808",
                "shasum": "",
                "mirrors": [
                    {
                        "url": "https://mirrors.aliyun.com/composer/dists/%package%/%reference%.%type%",
                        "preferred": true
                    }
                ]
            },
            "require": {
                "php": ">=7.1"
            },
            "type": "library",
            "autoload": {
                "psr-4": {
                    "BaAGee\\Wtf\\": "src/"
                }
            },
            "notification-url": "https://packagist.org/downloads/",
            "authors": [
                {
                    "name": "BaAGee",
                    "email": "2274313786@qq.com"
                }
            ],
            "description": "What the fuck! PHP error handler",
            "keywords": [
                "error",
                "php"
            ],
            "time": "2020-04-25T09:29:24+00:00"
        }
    ],
    "packages-dev": [],
    "aliases": [],
    "minimum-stability": "stable",
    "stability-flags": [],
    "prefer-stable": false,
    "prefer-lowest": false,
    "platform": {
        "php": ">=7.1"
    },
    "platform-dev": []
}
