{
    "_readme": [
        "This file locks the dependencies of your project to a known state",
        "Read more about it at https://getcomposer.org/doc/01-basic-usage.md#installing-dependencies",
        "This file is @generated automatically"
    ],
    "content-hash": "6a16a6221de3687acb0b13ed300e7252",
    "packages": [
        {
            "name": "baagee/async-task",
            "version": "v0.1.2",
            "source": {
                "type": "git",
                "url": "https://github.com/baagee/async-task.git",
                "reference": "5594ab1285e79e6232c7f3a91ef8c40b2cb068bd"
            },
            "dist": {
                "type": "zip",
                "url": "https://api.github.com/repos/baagee/async-task/zipball/5594ab1285e79e6232c7f3a91ef8c40b2cb068bd",
                "reference": "5594ab1285e79e6232c7f3a91ef8c40b2cb068bd",
                "shasum": "",
                "mirrors": [
                    {
                        "url": "https://mirrors.aliyun.com/composer/dists/%package%/%reference%.%type%",
                        "preferred": true
                    }
                ]
            },
            "type": "library",
            "autoload": {
                "psr-4": {
                    "BaAGee\\AsyncTask\\": "src/"
                }
            },
            "notification-url": "https://packagist.org/downloads/",
            "license": [
                "MIT"
            ],
            "authors": [
                {
                    "name": "BaAGee",
                    "email": "2274313786@qq.com"
                }
            ],
            "description": "php process task library",
            "time": "2020-05-08T14:58:40+00:00"
        },
        {
            "name": "baagee/nknkn",
            "version": "v0.2.7",
            "source": {
                "type": "git",
                "url": "https://github.com/baagee/nknkn.git",
                "reference": "3e66febc8d1d1d702126146ce9434939e3288564"
            },
            "dist": {
                "type": "zip",
                "url": "https://api.github.com/repos/baagee/nknkn/zipball/3e66febc8d1d1d702126146ce9434939e3288564",
                "reference": "3e66febc8d1d1d702126146ce9434939e3288564",
                "shasum": "",
                "mirrors": [
                    {
                        "url": "https://mirrors.aliyun.com/composer/dists/%package%/%reference%.%type%",
                        "preferred": true
                    }
                ]
            },
            "require": {
                "baagee/async-task": "0.*.*",
                "baagee/php-config": "0.*.*",
                "baagee/php-cookie": "0.*.*",
                "baagee/php-curl-request": "0.*.*",
                "baagee/php-event": "0.*.*",
                "baagee/php-log": "0.*.*",
                "baagee/php-mysql": "0.*.*",
                "baagee/php-onion": "0.*.*",
                "baagee/php-params-validator": "0.*.*",
                "baagee/php-router": "0.*.*",
                "baagee/php-session": "0.*.*",
                "baagee/php-template": "0.*.*",
                "baagee/redis-tools": "0.*.*",
                "baagee/wtf-error": "0.*.*",
                "php": ">=7.1",
                "psr/container": "^1.0"
            },
            "bin": [
                "bin/creater"
            ],
            "type": "library",
            "autoload": {
                "psr-4": {
                    "BaAGee\\NkNkn\\": "src/"
                }
            },
            "notification-url": "https://packagist.org/downloads/",
            "license": [
                "MIT"
            ],
            "authors": [
                {
                    "name": "BaAGee",
                    "email": "2274313786@qq.com"
                }
            ],
            "description": "PHP NkNkn framework",
            "keywords": [
                "NkNkn",
                "framework",
                "php"
            ],
            "time": "2020-06-23T14:51:44+00:00"
        },
        {
            "name": "baagee/php-config",
            "version": "v0.0.5",
            "source": {
                "type": "git",
                "url": "https://github.com/baagee/php-config.git",
                "reference": "2fa738856f5fd25b8cc30c8aeb5a37b04c5b65c7"
            },
            "dist": {
                "type": "zip",
                "url": "https://api.github.com/repos/baagee/php-config/zipball/2fa738856f5fd25b8cc30c8aeb5a37b04c5b65c7",
                "reference": "2fa738856f5fd25b8cc30c8aeb5a37b04c5b65c7",
                "shasum": "",
                "mirrors": [
                    {
                        "url": "https://mirrors.aliyun.com/composer/dists/%package%/%reference%.%type%",
                        "preferred": true
                    }
                ]
            },
            "require": {
                "php": ">=7.1"
            },
            "suggest": {
                "ext-json": "ext-json",
                "ext-simplexml": "ext-simplexml",
                "ext-yaml": "ext-yaml"
            },
            "type": "library",
            "autoload": {
                "psr-4": {
                    "BaAGee\\Config\\": "src/"
                }
            },
            "notification-url": "https://packagist.org/downloads/",
            "license": [
                "MIT"
            ],
            "authors": [
                {
                    "name": "BaAGee",
                    "email": "2274313786@qq.com"
                }
            ],
            "description": "PHP Config library",
            "keywords": [
                "config",
                "php"
            ],
            "time": "2020-06-15T09:40:38+00:00"
        },
        {
            "name": "baagee/php-cookie",
            "version": "v0.0.2",
            "source": {
                "type": "git",
                "url": "https://github.com/baagee/php-cookie.git",
                "reference": "d9cc49ed3d401328b2510644568e7d91b234ffcb"
            },
            "dist": {
                "type": "zip",
                "url": "https://api.github.com/repos/baagee/php-cookie/zipball/d9cc49ed3d401328b2510644568e7d91b234ffcb",
                "reference": "d9cc49ed3d401328b2510644568e7d91b234ffcb",
                "shasum": "",
                "mirrors": [
                    {
                        "url": "https://mirrors.aliyun.com/composer/dists/%package%/%reference%.%type%",
                        "preferred": true
                    }
                ]
            },
            "require": {
                "php": ">=7.1"
            },
            "type": "library",
            "autoload": {
                "psr-4": {
                    "BaAGee\\Cookie\\": "src/"
                }
            },
            "notification-url": "https://packagist.org/downloads/",
            "license": [
                "MIT"
            ],
            "authors": [
                {
                    "name": "BaAGee",
                    "email": "2274313786@qq.com"
                }
            ],
            "description": "PHP Cookie library",
            "keywords": [
                "cookie",
                "php"
            ],
            "time": "2019-04-15T02:26:27+00:00"
        },
        {
            "name": "baagee/php-curl-request",
            "version": "v0.0.5",
            "source": {
                "type": "git",
                "url": "https://github.com/baagee/php-curl-request.git",
                "reference": "9640146fdf3886a58a5c6c030c7e67bfa4769deb"
            },
            "dist": {
                "type": "zip",
                "url": "https://api.github.com/repos/baagee/php-curl-request/zipball/9640146fdf3886a58a5c6c030c7e67bfa4769deb",
                "reference": "9640146fdf3886a58a5c6c030c7e67bfa4769deb",
                "shasum": "",
                "mirrors": [
                    {
                        "url": "https://mirrors.aliyun.com/composer/dists/%package%/%reference%.%type%",
                        "preferred": true
                    }
                ]
            },
            "require": {
                "ext-curl": "*",
                "php": ">=7.1"
            },
            "type": "library",
            "autoload": {
                "psr-4": {
                    "BaAGee\\CurlRequest\\": "src/"
                }
            },
            "notification-url": "https://packagist.org/downloads/",
            "license": [
                "MIT"
            ],
            "authors": [
                {
                    "name": "BaAGee",
                    "email": "2274313786@qq.com"
                }
            ],
            "description": "PHP Curl Request library",
            "keywords": [
                "curl request",
                "php"
            ],
            "time": "2019-10-31T07:46:35+00:00"
        },
        {
            "name": "baagee/php-event",
            "version": "v0.0.1",
            "source": {
                "type": "git",
                "url": "https://github.com/baagee/php-event.git",
                "reference": "e708f9faa58012c43a43ac2cbf749798b3481852"
            },
            "dist": {
                "type": "zip",
                "url": "https://api.github.com/repos/baagee/php-event/zipball/e708f9faa58012c43a43ac2cbf749798b3481852",
                "reference": "e708f9faa58012c43a43ac2cbf749798b3481852",
                "shasum": "",
                "mirrors": [
                    {
                        "url": "https://mirrors.aliyun.com/composer/dists/%package%/%reference%.%type%",
                        "preferred": true
                    }
                ]
            },
            "require": {
                "php": ">=7.1"
            },
            "type": "library",
            "autoload": {
                "psr-4": {
                    "BaAGee\\Event\\": "src/"
                }
            },
            "notification-url": "https://packagist.org/downloads/",
            "license": [
                "MIT"
            ],
            "authors": [
                {
                    "name": "BaAGee",
                    "email": "2274313786@qq.com"
                }
            ],
            "description": "PHP event library",
            "keywords": [
                "event",
                "php"
            ],
            "time": "2019-03-25T07:14:34+00:00"
        },
        {
            "name": "baagee/php-log",
            "version": "0.1.3",
            "source": {
                "type": "git",
                "url": "https://github.com/baagee/php-log.git",
                "reference": "1562ee19e8693af64fae25f7ba0bdc1886e431f4"
            },
            "dist": {
                "type": "zip",
                "url": "https://api.github.com/repos/baagee/php-log/zipball/1562ee19e8693af64fae25f7ba0bdc1886e431f4",
                "reference": "1562ee19e8693af64fae25f7ba0bdc1886e431f4",
                "shasum": "",
                "mirrors": [
                    {
                        "url": "https://mirrors.aliyun.com/composer/dists/%package%/%reference%.%type%",
                        "preferred": true
                    }
                ]
            },
            "require": {
                "php": ">=7.1"
            },
            "type": "library",
            "autoload": {
                "psr-4": {
                    "BaAGee\\Log\\": "src/"
                }
            },
            "notification-url": "https://packagist.org/downloads/",
            "license": [
                "MIT"
            ],
            "authors": [
                {
                    "name": "BaAGee",
                    "email": "2274313786@qq.com"
                }
            ],
            "description": "PHP Log library",
            "keywords": [
                "log",
                "php"
            ],
            "time": "2020-04-23T07:49:12+00:00"
        },
        {
            "name": "baagee/php-mysql",
            "version": "v0.2.2",
            "source": {
                "type": "git",
                "url": "https://github.com/baagee/php-mysql.git",
                "reference": "abbffcaa29a257436f0111daff3c84dac4e29632"
            },
            "dist": {
                "type": "zip",
                "url": "https://api.github.com/repos/baagee/php-mysql/zipball/abbffcaa29a257436f0111daff3c84dac4e29632",
                "reference": "abbffcaa29a257436f0111daff3c84dac4e29632",
                "shasum": "",
                "mirrors": [
                    {
                        "url": "https://mirrors.aliyun.com/composer/dists/%package%/%reference%.%type%",
                        "preferred": true
                    }
                ]
            },
            "require": {
                "ext-pdo": "*",
                "php": ">=7.1"
            },
            "type": "library",
            "autoload": {
                "psr-4": {
                    "BaAGee\\MySQL\\": "src/"
                }
            },
            "notification-url": "https://packagist.org/downloads/",
            "license": [
                "MIT"
            ],
            "authors": [
                {
                    "name": "BaAGee",
                    "email": "2274313786@qq.com"
                }
            ],
            "description": "PHP mysql library",
            "keywords": [
                "mysql",
                "php"
            ],
            "time": "2020-06-23T13:31:31+00:00"
        },
        {
            "name": "baagee/php-onion",
            "version": "v0.0.2",
            "source": {
                "type": "git",
                "url": "https://github.com/baagee/php-onion.git",
                "reference": "b29293082670ec36cab34c423affbf0f60746a17"
            },
            "dist": {
                "type": "zip",
                "url": "https://api.github.com/repos/baagee/php-onion/zipball/b29293082670ec36cab34c423affbf0f60746a17",
                "reference": "b29293082670ec36cab34c423affbf0f60746a17",
                "shasum": "",
                "mirrors": [
                    {
                        "url": "https://mirrors.aliyun.com/composer/dists/%package%/%reference%.%type%",
                        "preferred": true
                    }
                ]
            },
            "require": {
                "php": ">=7.0"
            },
            "type": "library",
            "autoload": {
                "psr-4": {
                    "BaAGee\\Onion\\": "src/"
                }
            },
            "notification-url": "https://packagist.org/downloads/",
            "license": [
                "MIT"
            ],
            "authors": [
                {
                    "name": "BaAGee",
                    "email": "2274313786@qq.com"
                }
            ],
            "description": "PHP onion layer",
            "keywords": [
                "onion",
                "php"
            ],
            "time": "2019-09-05T03:40:55+00:00"
        },
        {
            "name": "baagee/php-params-validator",
            "version": "v0.0.8",
            "source": {
                "type": "git",
                "url": "https://github.com/baagee/php-params-validator.git",
                "reference": "2f81ed5a8297fa1f06d2dce277323119e8376a49"
            },
            "dist": {
                "type": "zip",
                "url": "https://api.github.com/repos/baagee/php-params-validator/zipball/2f81ed5a8297fa1f06d2dce277323119e8376a49",
                "reference": "2f81ed5a8297fa1f06d2dce277323119e8376a49",
                "shasum": "",
                "mirrors": [
                    {
                        "url": "https://mirrors.aliyun.com/composer/dists/%package%/%reference%.%type%",
                        "preferred": true
                    }
                ]
            },
            "require": {
                "ext-json": "*",
                "php": ">=7.0"
            },
            "type": "library",
            "autoload": {
                "psr-4": {
                    "BaAGee\\ParamsValidator\\": "src/"
                }
            },
            "notification-url": "https://packagist.org/downloads/",
            "license": [
                "MIT"
            ],
            "authors": [
                {
                    "name": "BaAGee",
                    "email": "2274313786@qq.com"
                }
            ],
            "description": "PHP Params Validator Library",
            "keywords": [
                "params",
                "php",
                "validate",
                "validator"
            ],
            "time": "2019-10-22T13:56:06+00:00"
        },
        {
            "name": "baagee/php-router",
            "version": "v0.2.0",
            "source": {
                "type": "git",
                "url": "https://github.com/baagee/php-router.git",
                "reference": "bb6a2039f92f1e7260d462d31631bb945909c635"
            },
            "dist": {
                "type": "zip",
                "url": "https://api.github.com/repos/baagee/php-router/zipball/bb6a2039f92f1e7260d462d31631bb945909c635",
                "reference": "bb6a2039f92f1e7260d462d31631bb945909c635",
                "shasum": "",
                "mirrors": [
                    {
                        "url": "https://mirrors.aliyun.com/composer/dists/%package%/%reference%.%type%",
                        "preferred": true
                    }
                ]
            },
            "require": {
                "php": ">=7.0"
            },
            "type": "library",
            "autoload": {
                "psr-4": {
                    "BaAGee\\Router\\": "src/"
                }
            },
            "notification-url": "https://packagist.org/downloads/",
            "license": [
                "MIT"
            ],
            "authors": [
                {
                    "name": "BaAGee",
                    "email": "2274313786@qq.com"
                }
            ],
            "description": "PHP Router library",
            "keywords": [
                "php",
                "router"
            ],
            "time": "2020-05-04T15:29:51+00:00"
        },
        {
            "name": "baagee/php-session",
            "version": "v0.0.2",
            "source": {
                "type": "git",
                "url": "https://github.com/baagee/php-session.git",
                "reference": "cd8b1f320e0c34e999ef99b4c97c09fcec939f28"
            },
            "dist": {
                "type": "zip",
                "url": "https://api.github.com/repos/baagee/php-session/zipball/cd8b1f320e0c34e999ef99b4c97c09fcec939f28",
                "reference": "cd8b1f320e0c34e999ef99b4c97c09fcec939f28",
                "shasum": "",
                "mirrors": [
                    {
                        "url": "https://mirrors.aliyun.com/composer/dists/%package%/%reference%.%type%",
                        "preferred": true
                    }
                ]
            },
            "require": {
                "php": ">=7.0"
            },
            "type": "library",
            "autoload": {
                "psr-4": {
                    "BaAGee\\Session\\": "src/"
                }
            },
            "notification-url": "https://packagist.org/downloads/",
            "license": [
                "MIT"
            ],
            "authors": [
                {
                    "name": "BaAGee",
                    "email": "2274313786@qq.com"
                }
            ],
            "description": "PHP Session library",
            "keywords": [
                "php",
                "session"
            ],
            "time": "2020-06-17T05:43:08+00:00"
        },
        {
            "name": "baagee/php-template",
            "version": "v0.0.3",
            "source": {
                "type": "git",
                "url": "https://github.com/baagee/php-template.git",
                "reference": "9635838657e6e4479ffa00f43196e2030bacb2cb"
            },
            "dist": {
                "type": "zip",
                "url": "https://api.github.com/repos/baagee/php-template/zipball/9635838657e6e4479ffa00f43196e2030bacb2cb",
                "reference": "9635838657e6e4479ffa00f43196e2030bacb2cb",
                "shasum": "",
                "mirrors": [
                    {
                        "url": "https://mirrors.aliyun.com/composer/dists/%package%/%reference%.%type%",
                        "preferred": true
                    }
                ]
            },
            "require": {
                "php": ">=7.1"
            },
            "type": "library",
            "autoload": {
                "psr-4": {
                    "BaAGee\\Template\\": "src/"
                }
            },
            "notification-url": "https://packagist.org/downloads/",
            "license": [
                "MIT"
            ],
            "authors": [
                {
                    "name": "BaAGee",
                    "email": "2274313786@qq.com"
                }
            ],
            "description": "PHP Template library",
            "keywords": [
                "php",
                "template",
                "view"
            ],
            "time": "2020-04-25T09:32:03+00:00"
        },
        {
            "name": "baagee/redis-tools",
            "version": "0.0.1",
            "source": {
                "type": "git",
                "url": "https://github.com/baagee/redis-tools.git",
                "reference": "3eaf7ab084f66bbace6087bc940958e08175418c"
            },
            "dist": {
                "type": "zip",
                "url": "https://api.github.com/repos/baagee/redis-tools/zipball/3eaf7ab084f66bbace6087bc940958e08175418c",
                "reference": "3eaf7ab084f66bbace6087bc940958e08175418c",
                "shasum": "",
                "mirrors": [
                    {
                        "url": "https://mirrors.aliyun.com/composer/dists/%package%/%reference%.%type%",
                        "preferred": true
                    }
                ]
            },
            "require": {
                "php": ">=7.1"
            },
            "type": "library",
            "autoload": {
                "psr-4": {
                    "BaAGee\\RedisTools\\": "src/"
                }
            },
            "notification-url": "https://packagist.org/downloads/",
            "license": [
                "MIT"
            ],
            "authors": [
                {
                    "name": "BaAGee",
                    "email": "2274313786@qq.com"
                }
            ],
            "description": "Redis distributed lock and current limiter",
            "keywords": [
                "distributed lock",
                "limiter",
                "redis"
            ],
            "time": "2020-04-19T14:43:42+00:00"
        },
        {
            "name": "baagee/wtf-error",
            "version": "v0.0.5",
            "source": {
                "type": "git",
                "url": "https://github.com/baagee/wtf-error.git",
                "reference": "4e3b1e5c16ca622c6c1f1b6fd88aab3caf47e808"
            },
            "dist": {
                "type": "zip",
                "url": "https://api.github.com/repos/baagee/wtf-error/zipball/4e3b1e5c16ca622c6c1f1b6fd88aab3caf47e808",
                "reference": "4e3b1e5c16ca622c6c1f1b6fd88aab3caf47e808",
                "shasum": "",
                "mirrors": [
                    {
                        "url": "https://mirrors.aliyun.com/composer/dists/%package%/%reference%.%type%",
                        "preferred": true
                    }
                ]
            },
            "require": {
                "php": ">=7.1"
            },
            "type": "library",
            "autoload": {
                "psr-4": {
                    "BaAGee\\Wtf\\": "src/"
                }
            },
            "notification-url": "https://packagist.org/downloads/",
            "authors": [
                {
                    "name": "BaAGee",
                    "email": "2274313786@qq.com"
                }
            ],
            "description": "What the fuck! PHP error handler",
            "keywords": [
                "error",
                "php"
            ],
            "time": "2020-04-25T09:29:24+00:00"
        },
        {
            "name": "psr/container",
            "version": "1.0.0",
            "source": {
                "type": "git",
                "url": "https://github.com/php-fig/container.git",
                "reference": "b7ce3b176482dbbc1245ebf52b181af44c2cf55f"
            },
            "dist": {
                "type": "zip",
                "url": "https://api.github.com/repos/php-fig/container/zipball/b7ce3b176482dbbc1245ebf52b181af44c2cf55f",
                "reference": "b7ce3b176482dbbc1245ebf52b181af44c2cf55f",
                "shasum": "",
                "mirrors": [
                    {
                        "url": "https://mirrors.aliyun.com/composer/dists/%package%/%reference%.%type%",
                        "preferred": true
                    }
                ]
            },
            "require": {
                "php": ">=5.3.0"
            },
            "type": "library",
            "extra": {
                "branch-alias": {
                    "dev-master": "1.0.x-dev"
                }
            },
            "autoload": {
                "psr-4": {
                    "Psr\\Container\\": "src/"
                }
            },
            "notification-url": "https://packagist.org/downloads/",
            "license": [
                "MIT"
            ],
            "authors": [
                {
                    "name": "PHP-FIG",
                    "homepage": "http://www.php-fig.org/"
                }
            ],
            "description": "Common Container Interface (PHP FIG PSR-11)",
            "homepage": "https://github.com/php-fig/container",
            "keywords": [
                "PSR-11",
                "container",
                "container-interface",
                "container-interop",
                "psr"
            ],
            "time": "2017-02-14T16:28:37+00:00"
        }
    ],
    "packages-dev": [],
    "aliases": [],
    "minimum-stability": "stable",
    "stability-flags": [],
    "prefer-stable": false,
    "prefer-lowest": false,
    "platform": {
        "php": ">=7.1"
    },
    "platform-dev": []
}
